
Microsoft Visual Studio Solution File, Format Version 12.00
# Visual Studio 15
VisualStudioVersion = 15.0.28307.572
MinimumVisualStudioVersion = 10.0.40219.1
Project("{9A19103F-16F7-4668-BE54-9A1E7A4F7556}") = "General.Api", "General.Api\General.Api.csproj", "{819A687F-CF99-4D5E-8D76-36C07729547C}"
EndProject
Project("{9A19103F-16F7-4668-BE54-9A1E7A4F7556}") = "General.Api.Framework", "General.Api.Framework\General.Api.Framework.csproj", "{9594E768-AA5B-41EE-8A8F-0D5C7DA0434D}"
EndProject
Project("{2150E333-8FDC-42A3-9474-1A3956D46DE8}") = "Api", "Api", "{612039F1-941B-4DCB-9A23-D0AFBA4907F9}"
EndProject
Project("{2150E333-8FDC-42A3-9474-1A3956D46DE8}") = "Core", "Core", "{4B15CDE2-6953-44FB-B818-70C079F2FEF8}"
EndProject
Project("{9A19103F-16F7-4668-BE54-9A1E7A4F7556}") = "General.Api.Core", "General.Api.Core\General.Api.Core.csproj", "{6F26ADDA-84C7-43AF-A059-925654C0E884}"
EndProject
Project("{2150E333-8FDC-42A3-9474-1A3956D46DE8}") = "Domain", "Domain", "{E6C69C0F-5125-4ACD-B674-7A34D881ADDF}"
EndProject
Project("{9A19103F-16F7-4668-BE54-9A1E7A4F7556}") = "General.EntityFrameworkCore", "General.Entity\General.EntityFrameworkCore.csproj", "{0B9D900C-A71D-46BE-B09A-9596AAAA174E}"
EndProject
Project("{2150E333-8FDC-42A3-9474-1A3956D46DE8}") = "Service", "Service", "{1AFD674A-2869-4744-8577-714BD97D4438}"
EndProject
Project("{9A19103F-16F7-4668-BE54-9A1E7A4F7556}") = "General.Api.Application", "General.Api.Application\General.Api.Application.csproj", "{050A66D4-80E7-4EED-9073-F0253517AE6E}"
EndProject
Project("{9A19103F-16F7-4668-BE54-9A1E7A4F7556}") = "General.Core", "General.Core\General.Core.csproj", "{0CEC0EB6-A59B-46FE-BE09-B8DF7931A227}"
EndProject
Project("{9A19103F-16F7-4668-BE54-9A1E7A4F7556}") = "General.Log", "General.Log\General.Log.csproj", "{9B8716CA-87A5-47A5-809B-D77F992BDF37}"
EndProject
Project("{2150E333-8FDC-42A3-9474-1A3956D46DE8}") = "Log", "Log", "{03C3ED98-8853-4BCE-97DD-66D6768766D2}"
EndProject
Project("{2150E333-8FDC-42A3-9474-1A3956D46DE8}") = "HttpClient", "HttpClient", "{0DF84F1D-FD74-4C8C-80EC-2D2D18FC8F60}"
EndProject
Project("{9A19103F-16F7-4668-BE54-9A1E7A4F7556}") = "General.Core.HttpClient", "General.Core.HttoClient\General.Core.HttpClient.csproj", "{AFD67006-AF3D-4C14-9B8C-5F9209372916}"
EndProject
Project("{FAE04EC0-301F-11D3-BF4B-00C04F79EFBC}") = "HttpUtil", "HttpUtil\HttpUtil.csproj", "{2F763BD8-9170-4170-9F3D-7BA38787551F}"
EndProject
Project("{9A19103F-16F7-4668-BE54-9A1E7A4F7556}") = "Resilience", "..\Ibms.Core\Resilience\Resilience.csproj", "{DF868E32-EF70-4140-8EFD-61E788FCC66F}"
EndProject
Global
	GlobalSection(SolutionConfigurationPlatforms) = preSolution
		Debug|Any CPU = Debug|Any CPU
		Release|Any CPU = Release|Any CPU
	EndGlobalSection
	GlobalSection(ProjectConfigurationPlatforms) = postSolution
		{819A687F-CF99-4D5E-8D76-36C07729547C}.Debug|Any CPU.ActiveCfg = Debug|Any CPU
		{819A687F-CF99-4D5E-8D76-36C07729547C}.Debug|Any CPU.Build.0 = Debug|Any CPU
		{819A687F-CF99-4D5E-8D76-36C07729547C}.Release|Any CPU.ActiveCfg = Release|Any CPU
		{819A687F-CF99-4D5E-8D76-36C07729547C}.Release|Any CPU.Build.0 = Release|Any CPU
		{9594E768-AA5B-41EE-8A8F-0D5C7DA0434D}.Debug|Any CPU.ActiveCfg = Debug|Any CPU
		{9594E768-AA5B-41EE-8A8F-0D5C7DA0434D}.Debug|Any CPU.Build.0 = Debug|Any CPU
		{9594E768-AA5B-41EE-8A8F-0D5C7DA0434D}.Release|Any CPU.ActiveCfg = Release|Any CPU
		{9594E768-AA5B-41EE-8A8F-0D5C7DA0434D}.Release|Any CPU.Build.0 = Release|Any CPU
		{6F26ADDA-84C7-43AF-A059-925654C0E884}.Debug|Any CPU.ActiveCfg = Debug|Any CPU
		{6F26ADDA-84C7-43AF-A059-925654C0E884}.Debug|Any CPU.Build.0 = Debug|Any CPU
		{6F26ADDA-84C7-43AF-A059-925654C0E884}.Release|Any CPU.ActiveCfg = Release|Any CPU
		{6F26ADDA-84C7-43AF-A059-925654C0E884}.Release|Any CPU.Build.0 = Release|Any CPU
		{0B9D900C-A71D-46BE-B09A-9596AAAA174E}.Debug|Any CPU.ActiveCfg = Debug|Any CPU
		{0B9D900C-A71D-46BE-B09A-9596AAAA174E}.Debug|Any CPU.Build.0 = Debug|Any CPU
		{0B9D900C-A71D-46BE-B09A-9596AAAA174E}.Release|Any CPU.ActiveCfg = Release|Any CPU
		{0B9D900C-A71D-46BE-B09A-9596AAAA174E}.Release|Any CPU.Build.0 = Release|Any CPU
		{050A66D4-80E7-4EED-9073-F0253517AE6E}.Debug|Any CPU.ActiveCfg = Debug|Any CPU
		{050A66D4-80E7-4EED-9073-F0253517AE6E}.Debug|Any CPU.Build.0 = Debug|Any CPU
		{050A66D4-80E7-4EED-9073-F0253517AE6E}.Release|Any CPU.ActiveCfg = Release|Any CPU
		{050A66D4-80E7-4EED-9073-F0253517AE6E}.Release|Any CPU.Build.0 = Release|Any CPU
		{0CEC0EB6-A59B-46FE-BE09-B8DF7931A227}.Debug|Any CPU.ActiveCfg = Debug|Any CPU
		{0CEC0EB6-A59B-46FE-BE09-B8DF7931A227}.Debug|Any CPU.Build.0 = Debug|Any CPU
		{0CEC0EB6-A59B-46FE-BE09-B8DF7931A227}.Release|Any CPU.ActiveCfg = Release|Any CPU
		{0CEC0EB6-A59B-46FE-BE09-B8DF7931A227}.Release|Any CPU.Build.0 = Release|Any CPU
		{9B8716CA-87A5-47A5-809B-D77F992BDF37}.Debug|Any CPU.ActiveCfg = Debug|Any CPU
		{9B8716CA-87A5-47A5-809B-D77F992BDF37}.Debug|Any CPU.Build.0 = Debug|Any CPU
		{9B8716CA-87A5-47A5-809B-D77F992BDF37}.Release|Any CPU.ActiveCfg = Release|Any CPU
		{9B8716CA-87A5-47A5-809B-D77F992BDF37}.Release|Any CPU.Build.0 = Release|Any CPU
		{AFD67006-AF3D-4C14-9B8C-5F9209372916}.Debug|Any CPU.ActiveCfg = Debug|Any CPU
		{AFD67006-AF3D-4C14-9B8C-5F9209372916}.Debug|Any CPU.Build.0 = Debug|Any CPU
		{AFD67006-AF3D-4C14-9B8C-5F9209372916}.Release|Any CPU.ActiveCfg = Release|Any CPU
		{AFD67006-AF3D-4C14-9B8C-5F9209372916}.Release|Any CPU.Build.0 = Release|Any CPU
		{2F763BD8-9170-4170-9F3D-7BA38787551F}.Debug|Any CPU.ActiveCfg = Debug|Any CPU
		{2F763BD8-9170-4170-9F3D-7BA38787551F}.Debug|Any CPU.Build.0 = Debug|Any CPU
		{2F763BD8-9170-4170-9F3D-7BA38787551F}.Release|Any CPU.ActiveCfg = Release|Any CPU
		{2F763BD8-9170-4170-9F3D-7BA38787551F}.Release|Any CPU.Build.0 = Release|Any CPU
		{DF868E32-EF70-4140-8EFD-61E788FCC66F}.Debug|Any CPU.ActiveCfg = Debug|Any CPU
		{DF868E32-EF70-4140-8EFD-61E788FCC66F}.Debug|Any CPU.Build.0 = Debug|Any CPU
		{DF868E32-EF70-4140-8EFD-61E788FCC66F}.Release|Any CPU.ActiveCfg = Release|Any CPU
		{DF868E32-EF70-4140-8EFD-61E788FCC66F}.Release|Any CPU.Build.0 = Release|Any CPU
	EndGlobalSection
	GlobalSection(SolutionProperties) = preSolution
		HideSolutionNode = FALSE
	EndGlobalSection
	GlobalSection(NestedProjects) = preSolution
		{819A687F-CF99-4D5E-8D76-36C07729547C} = {612039F1-941B-4DCB-9A23-D0AFBA4907F9}
		{9594E768-AA5B-41EE-8A8F-0D5C7DA0434D} = {612039F1-941B-4DCB-9A23-D0AFBA4907F9}
		{6F26ADDA-84C7-43AF-A059-925654C0E884} = {E6C69C0F-5125-4ACD-B674-7A34D881ADDF}
		{0B9D900C-A71D-46BE-B09A-9596AAAA174E} = {E6C69C0F-5125-4ACD-B674-7A34D881ADDF}
		{050A66D4-80E7-4EED-9073-F0253517AE6E} = {1AFD674A-2869-4744-8577-714BD97D4438}
		{0CEC0EB6-A59B-46FE-BE09-B8DF7931A227} = {4B15CDE2-6953-44FB-B818-70C079F2FEF8}
		{9B8716CA-87A5-47A5-809B-D77F992BDF37} = {03C3ED98-8853-4BCE-97DD-66D6768766D2}
		{AFD67006-AF3D-4C14-9B8C-5F9209372916} = {0DF84F1D-FD74-4C8C-80EC-2D2D18FC8F60}
		{2F763BD8-9170-4170-9F3D-7BA38787551F} = {0DF84F1D-FD74-4C8C-80EC-2D2D18FC8F60}
		{DF868E32-EF70-4140-8EFD-61E788FCC66F} = {0DF84F1D-FD74-4C8C-80EC-2D2D18FC8F60}
	EndGlobalSection
	GlobalSection(ExtensibilityGlobals) = postSolution
		SolutionGuid = {32716D7C-9C44-4D7D-9248-823ACF88455D}
	EndGlobalSection
EndGlobal
